
Microsoft Visual Studio Solution File, Format Version 11.00
# Visual C++ Express 2010
Project("{8BC9CEB8-8B4A-11D0-8D11-00A0C91BC942}") = "LD31_Game", "LD31_Game\LD31_Game.vcxproj", "{A2FDC867-06BA-43BB-A4A1-839C89691B22}"
EndProject
Global
	GlobalSection(SolutionConfigurationPlatforms) = preSolution
		Debug|Win32 = Debug|Win32
		Release|Win32 = Release|Win32
	EndGlobalSection
	GlobalSection(ProjectConfigurationPlatforms) = postSolution
		{A2FDC867-06BA-43BB-A4A1-839C89691B22}.Debug|Win32.ActiveCfg = Debug|Win32
		{A2FDC867-06BA-43BB-A4A1-839C89691B22}.Debug|Win32.Build.0 = Debug|Win32
		{A2FDC867-06BA-43BB-A4A1-839C89691B22}.Release|Win32.ActiveCfg = Release|Win32
		{A2FDC867-06BA-43BB-A4A1-839C89691B22}.Release|Win32.Build.0 = Release|Win32
	EndGlobalSection
	GlobalSection(SolutionProperties) = preSolution
		HideSolutionNode = FALSE
	EndGlobalSection
EndGlobal
